
Microsoft Visual Studio Solution File, Format Version 12.00
# Visual Studio Version 16
VisualStudioVersion = 16.0.29315.20
MinimumVisualStudioVersion = 15.0.26124.0
Project("{2150E333-8FDC-42A3-9474-1A3956D46DE8}") = "src", "src", "{CED9596F-79FF-4DBE-AA63-8194BECA9337}"
EndProject
Project("{9A19103F-16F7-4668-BE54-9A1E7A4F7556}") = "OSVersionHelper", "src\OSVersionHelper\OSVersionHelper.csproj", "{464F7A00-D8B7-4CA5-B36C-EB7535E2B004}"
EndProject
Global
	GlobalSection(SolutionConfigurationPlatforms) = preSolution
		Debug|Any CPU = Debug|Any CPU
		Release|Any CPU = Release|Any CPU
	EndGlobalSection
	GlobalSection(ProjectConfigurationPlatforms) = postSolution
		{464F7A00-D8B7-4CA5-B36C-EB7535E2B004}.Debug|Any CPU.ActiveCfg = Debug|Any CPU
		{464F7A00-D8B7-4CA5-B36C-EB7535E2B004}.Debug|Any CPU.Build.0 = Debug|Any CPU
		{464F7A00-D8B7-4CA5-B36C-EB7535E2B004}.Release|Any CPU.ActiveCfg = Release|Any CPU
		{464F7A00-D8B7-4CA5-B36C-EB7535E2B004}.Release|Any CPU.Build.0 = Release|Any CPU
	EndGlobalSection
	GlobalSection(SolutionProperties) = preSolution
		HideSolutionNode = FALSE
	EndGlobalSection
	GlobalSection(NestedProjects) = preSolution
		{464F7A00-D8B7-4CA5-B36C-EB7535E2B004} = {CED9596F-79FF-4DBE-AA63-8194BECA9337}
	EndGlobalSection
	GlobalSection(ExtensibilityGlobals) = postSolution
		SolutionGuid = {C8C8D47A-859F-4015-A7C6-19B299911DC7}
	EndGlobalSection
EndGlobal
